
Microsoft Visual Studio Solution File, Format Version 12.00
# Visual Studio Version 16
VisualStudioVersion = 16.0.810.7
MinimumVisualStudioVersion = 10.0.40219.1
Project("{FAE04EC0-301F-11D3-BF4B-00C04F79EFBC}") = "GameStackUnitySDK", "GameStackUnitySDK\GameStackUnitySDK.csproj", "{AD519238-29E8-4B08-BAF4-6FC5982B914F}"
EndProject
Global
	GlobalSection(SolutionConfigurationPlatforms) = preSolution
		Debug|Any CPU = Debug|Any CPU
		Release|Any CPU = Release|Any CPU
	EndGlobalSection
	GlobalSection(ProjectConfigurationPlatforms) = postSolution
		{AD519238-29E8-4B08-BAF4-6FC5982B914F}.Debug|Any CPU.ActiveCfg = Debug|Any CPU
		{AD519238-29E8-4B08-BAF4-6FC5982B914F}.Debug|Any CPU.Build.0 = Debug|Any CPU
		{AD519238-29E8-4B08-BAF4-6FC5982B914F}.Release|Any CPU.ActiveCfg = Release|Any CPU
		{AD519238-29E8-4B08-BAF4-6FC5982B914F}.Release|Any CPU.Build.0 = Release|Any CPU
	EndGlobalSection
	GlobalSection(SolutionProperties) = preSolution
		HideSolutionNode = FALSE
	EndGlobalSection
	GlobalSection(ExtensibilityGlobals) = postSolution
		SolutionGuid = {B5A18F40-8CF8-478F-B5CE-454DCD6DF949}
	EndGlobalSection
EndGlobal
